
Microsoft Visual Studio Solution File, Format Version 12.00
# Visual Studio Version 17
VisualStudioVersion = 17.10.35004.147
MinimumVisualStudioVersion = 10.0.40219.1
Project("{2150E333-8FDC-42A3-9474-1A3956D46DE8}") = "src", "src", "{B25F5888-C7CE-4370-8439-B52F9A8EE7C2}"
EndProject
Project("{2150E333-8FDC-42A3-9474-1A3956D46DE8}") = "test", "test", "{F7F0A55D-3140-49CA-8947-67B1D1C85284}"
EndProject
Project("{FAE04EC0-301F-11D3-BF4B-00C04F79EFBC}") = "POS.Domain", "POS.Domain\POS.Domain.csproj", "{D2413B04-4C4E-41D6-960E-A691E0ECD3F8}"
EndProject
Project("{FAE04EC0-301F-11D3-BF4B-00C04F79EFBC}") = "POS.Infraestructure", "POS.Infraestructure\POS.Infraestructure.csproj", "{6AC37181-6C83-4A9A-B6F4-9E33AC836923}"
EndProject
Project("{FAE04EC0-301F-11D3-BF4B-00C04F79EFBC}") = "POS.Application", "POS.Application\POS.Application.csproj", "{2A4343F9-9BDC-4E85-9375-900D0977EC10}"
EndProject
Project("{FAE04EC0-301F-11D3-BF4B-00C04F79EFBC}") = "POS.Api", "POS.Api\POS.Api.csproj", "{DE7293D5-FC80-43BB-941C-3F52F2538A48}"
EndProject
Project("{FAE04EC0-301F-11D3-BF4B-00C04F79EFBC}") = "POS.Utilities", "POS.Utilities\POS.Utilities.csproj", "{F28B2D66-8569-4629-BE06-381AE88F6925}"
EndProject
Project("{FAE04EC0-301F-11D3-BF4B-00C04F79EFBC}") = "POS.Test", "POS.Test\POS.Test.csproj", "{46A2B7B2-7D6B-468E-B027-C6BE35EE11C5}"
EndProject
Global
	GlobalSection(SolutionConfigurationPlatforms) = preSolution
		Debug|Any CPU = Debug|Any CPU
		Release|Any CPU = Release|Any CPU
	EndGlobalSection
	GlobalSection(ProjectConfigurationPlatforms) = postSolution
		{D2413B04-4C4E-41D6-960E-A691E0ECD3F8}.Debug|Any CPU.ActiveCfg = Debug|Any CPU
		{D2413B04-4C4E-41D6-960E-A691E0ECD3F8}.Debug|Any CPU.Build.0 = Debug|Any CPU
		{D2413B04-4C4E-41D6-960E-A691E0ECD3F8}.Release|Any CPU.ActiveCfg = Release|Any CPU
		{D2413B04-4C4E-41D6-960E-A691E0ECD3F8}.Release|Any CPU.Build.0 = Release|Any CPU
		{6AC37181-6C83-4A9A-B6F4-9E33AC836923}.Debug|Any CPU.ActiveCfg = Debug|Any CPU
		{6AC37181-6C83-4A9A-B6F4-9E33AC836923}.Debug|Any CPU.Build.0 = Debug|Any CPU
		{6AC37181-6C83-4A9A-B6F4-9E33AC836923}.Release|Any CPU.ActiveCfg = Release|Any CPU
		{6AC37181-6C83-4A9A-B6F4-9E33AC836923}.Release|Any CPU.Build.0 = Release|Any CPU
		{2A4343F9-9BDC-4E85-9375-900D0977EC10}.Debug|Any CPU.ActiveCfg = Debug|Any CPU
		{2A4343F9-9BDC-4E85-9375-900D0977EC10}.Debug|Any CPU.Build.0 = Debug|Any CPU
		{2A4343F9-9BDC-4E85-9375-900D0977EC10}.Release|Any CPU.ActiveCfg = Release|Any CPU
		{2A4343F9-9BDC-4E85-9375-900D0977EC10}.Release|Any CPU.Build.0 = Release|Any CPU
		{DE7293D5-FC80-43BB-941C-3F52F2538A48}.Debug|Any CPU.ActiveCfg = Debug|Any CPU
		{DE7293D5-FC80-43BB-941C-3F52F2538A48}.Debug|Any CPU.Build.0 = Debug|Any CPU
		{DE7293D5-FC80-43BB-941C-3F52F2538A48}.Release|Any CPU.ActiveCfg = Release|Any CPU
		{DE7293D5-FC80-43BB-941C-3F52F2538A48}.Release|Any CPU.Build.0 = Release|Any CPU
		{F28B2D66-8569-4629-BE06-381AE88F6925}.Debug|Any CPU.ActiveCfg = Debug|Any CPU
		{F28B2D66-8569-4629-BE06-381AE88F6925}.Debug|Any CPU.Build.0 = Debug|Any CPU
		{F28B2D66-8569-4629-BE06-381AE88F6925}.Release|Any CPU.ActiveCfg = Release|Any CPU
		{F28B2D66-8569-4629-BE06-381AE88F6925}.Release|Any CPU.Build.0 = Release|Any CPU
		{46A2B7B2-7D6B-468E-B027-C6BE35EE11C5}.Debug|Any CPU.ActiveCfg = Debug|Any CPU
		{46A2B7B2-7D6B-468E-B027-C6BE35EE11C5}.Debug|Any CPU.Build.0 = Debug|Any CPU
		{46A2B7B2-7D6B-468E-B027-C6BE35EE11C5}.Release|Any CPU.ActiveCfg = Release|Any CPU
		{46A2B7B2-7D6B-468E-B027-C6BE35EE11C5}.Release|Any CPU.Build.0 = Release|Any CPU
	EndGlobalSection
	GlobalSection(SolutionProperties) = preSolution
		HideSolutionNode = FALSE
	EndGlobalSection
	GlobalSection(NestedProjects) = preSolution
		{D2413B04-4C4E-41D6-960E-A691E0ECD3F8} = {B25F5888-C7CE-4370-8439-B52F9A8EE7C2}
		{6AC37181-6C83-4A9A-B6F4-9E33AC836923} = {B25F5888-C7CE-4370-8439-B52F9A8EE7C2}
		{2A4343F9-9BDC-4E85-9375-900D0977EC10} = {B25F5888-C7CE-4370-8439-B52F9A8EE7C2}
		{DE7293D5-FC80-43BB-941C-3F52F2538A48} = {B25F5888-C7CE-4370-8439-B52F9A8EE7C2}
		{F28B2D66-8569-4629-BE06-381AE88F6925} = {B25F5888-C7CE-4370-8439-B52F9A8EE7C2}
		{46A2B7B2-7D6B-468E-B027-C6BE35EE11C5} = {F7F0A55D-3140-49CA-8947-67B1D1C85284}
	EndGlobalSection
	GlobalSection(ExtensibilityGlobals) = postSolution
		SolutionGuid = {1AD6B064-D870-4E0B-BAC0-D371A1CB3930}
	EndGlobalSection
EndGlobal
